PODS:
  - Realm (5.0.0):
    - Realm/Headers (= 5.0.0)
  - Realm/Headers (5.0.0)

DEPENDENCIES:
  - Realm

SPEC REPOS:
  https://github.com/CocoaPods/Specs.git:
    - Realm

SPEC CHECKSUMS:
  Realm: 76066d333de26f97e9caedaa85ee3ff4a62ca265

PODFILE CHECKSUM: 47a1c7905151e39333fadcc29ddf3374480d0635

COCOAPODS: 1.9.1
